// !$*UTF8*$!
{
	archiveVersion = 1;
	classes = {
	};
	objectVersion = 56;
	objects = {

/* Begin PBXBuildFile section */
		9290293529A3BBC300A7C1E3 /* QuestionsApp.swift in Sources */ = {isa = PBXBuildFile; fileRef = 9290293429A3BBC300A7C1E3 /* QuestionsApp.swift */; };
		9290293729A3BBC300A7C1E3 /* ContentView.swift in Sources */ = {isa = PBXBuildFile; fileRef = 9290293629A3BBC300A7C1E3 /* ContentView.swift */; };
		9290293929A3BBC400A7C1E3 /* Assets.xcassets in Resources */ = {isa = PBXBuildFile; fileRef = 9290293829A3BBC400A7C1E3 /* Assets.xcassets */; };
		9290293C29A3BBC400A7C1E3 /* Preview Assets.xcassets in Resources */ = {isa = PBXBuildFile; fileRef = 9290293B29A3BBC400A7C1E3 /* Preview Assets.xcassets */; };
		9290294B29A3C3C200A7C1E3 /* APIConstants.swift in Sources */ = {isa = PBXBuildFile; fileRef = 9290294A29A3C3C200A7C1E3 /* APIConstants.swift */; };
		9290294E29A3C43000A7C1E3 /* RequestProtocol.swift in Sources */ = {isa = PBXBuildFile; fileRef = 9290294D29A3C43000A7C1E3 /* RequestProtocol.swift */; };
		9290295029A3C47600A7C1E3 /* RequestManager.swift in Sources */ = {isa = PBXBuildFile; fileRef = 9290294F29A3C47600A7C1E3 /* RequestManager.swift */; };
		9290295429A3C4FC00A7C1E3 /* APIManager.swift in Sources */ = {isa = PBXBuildFile; fileRef = 9290295329A3C4FC00A7C1E3 /* APIManager.swift */; };
		9290295729A3C59F00A7C1E3 /* DataMarshaler.swift in Sources */ = {isa = PBXBuildFile; fileRef = 9290295629A3C59F00A7C1E3 /* DataMarshaler.swift */; };
		9290295929A3C5CD00A7C1E3 /* CodingError.swift in Sources */ = {isa = PBXBuildFile; fileRef = 9290295829A3C5CD00A7C1E3 /* CodingError.swift */; };
		9290295C29A3C60E00A7C1E3 /* StandardResponse.swift in Sources */ = {isa = PBXBuildFile; fileRef = 9290295B29A3C60E00A7C1E3 /* StandardResponse.swift */; };
		9290295E29A3C62400A7C1E3 /* HTTPMethod.swift in Sources */ = {isa = PBXBuildFile; fileRef = 9290295D29A3C62400A7C1E3 /* HTTPMethod.swift */; };
		9290296029A3C64E00A7C1E3 /* NetworkError.swift in Sources */ = {isa = PBXBuildFile; fileRef = 9290295F29A3C64E00A7C1E3 /* NetworkError.swift */; };
		9290296329A3C90700A7C1E3 /* Question.swift in Sources */ = {isa = PBXBuildFile; fileRef = 9290296229A3C90700A7C1E3 /* Question.swift */; };
		9290296B29A3C98900A7C1E3 /* QuestionsTests.swift in Sources */ = {isa = PBXBuildFile; fileRef = 9290296A29A3C98900A7C1E3 /* QuestionsTests.swift */; };
		9290297229A3C9E700A7C1E3 /* FetchQuestionsRequest.swift in Sources */ = {isa = PBXBuildFile; fileRef = 9290297129A3C9E700A7C1E3 /* FetchQuestionsRequest.swift */; };
		9290297429A3CAC900A7C1E3 /* QuestionsService.swift in Sources */ = {isa = PBXBuildFile; fileRef = 9290297329A3CAC900A7C1E3 /* QuestionsService.swift */; };
/* End PBXBuildFile section */

/* Begin PBXContainerItemProxy section */
		9290296C29A3C98900A7C1E3 /* PBXContainerItemProxy */ = {
			isa = PBXContainerItemProxy;
			containerPortal = 9290292929A3BBC300A7C1E3 /* Project object */;
			proxyType = 1;
			remoteGlobalIDString = 9290293029A3BBC300A7C1E3;
			remoteInfo = Questions;
		};
/* End PBXContainerItemProxy section */

/* Begin PBXFileReference section */
		9290293129A3BBC300A7C1E3 /* Questions.app */ = {isa = PBXFileReference; explicitFileType = wrapper.application; includeInIndex = 0; path = Questions.app; sourceTree = BUILT_PRODUCTS_DIR; };
		9290293429A3BBC300A7C1E3 /* QuestionsApp.swift */ = {isa = PBXFileReference; lastKnownFileType = sourcecode.swift; path = QuestionsApp.swift; sourceTree = "<group>"; };
		9290293629A3BBC300A7C1E3 /* ContentView.swift */ = {isa = PBXFileReference; lastKnownFileType = sourcecode.swift; path = ContentView.swift; sourceTree = "<group>"; };
		9290293829A3BBC400A7C1E3 /* Assets.xcassets */ = {isa = PBXFileReference; lastKnownFileType = folder.assetcatalog; path = Assets.xcassets; sourceTree = "<group>"; };
		9290293B29A3BBC400A7C1E3 /* Preview Assets.xcassets */ = {isa = PBXFileReference; lastKnownFileType = folder.assetcatalog; path = "Preview Assets.xcassets"; sourceTree = "<group>"; };
		9290294A29A3C3C200A7C1E3 /* APIConstants.swift */ = {isa = PBXFileReference; lastKnownFileType = sourcecode.swift; path = APIConstants.swift; sourceTree = "<group>"; };
		9290294D29A3C43000A7C1E3 /* RequestProtocol.swift */ = {isa = PBXFileReference; lastKnownFileType = sourcecode.swift; path = RequestProtocol.swift; sourceTree = "<group>"; };
		9290294F29A3C47600A7C1E3 /* RequestManager.swift */ = {isa = PBXFileReference; lastKnownFileType = sourcecode.swift; path = RequestManager.swift; sourceTree = "<group>"; };
		9290295329A3C4FC00A7C1E3 /* APIManager.swift */ = {isa = PBXFileReference; lastKnownFileType = sourcecode.swift; path = APIManager.swift; sourceTree = "<group>"; };
		9290295629A3C59F00A7C1E3 /* DataMarshaler.swift */ = {isa = PBXFileReference; lastKnownFileType = sourcecode.swift; path = DataMarshaler.swift; sourceTree = "<group>"; };
		9290295829A3C5CD00A7C1E3 /* CodingError.swift */ = {isa = PBXFileReference; lastKnownFileType = sourcecode.swift; path = CodingError.swift; sourceTree = "<group>"; };
		9290295B29A3C60E00A7C1E3 /* StandardResponse.swift */ = {isa = PBXFileReference; lastKnownFileType = sourcecode.swift; path = StandardResponse.swift; sourceTree = "<group>"; };
		9290295D29A3C62400A7C1E3 /* HTTPMethod.swift */ = {isa = PBXFileReference; lastKnownFileType = sourcecode.swift; path = HTTPMethod.swift; sourceTree = "<group>"; };
		9290295F29A3C64E00A7C1E3 /* NetworkError.swift */ = {isa = PBXFileReference; lastKnownFileType = sourcecode.swift; path = NetworkError.swift; sourceTree = "<group>"; };
		9290296229A3C90700A7C1E3 /* Question.swift */ = {isa = PBXFileReference; lastKnownFileType = sourcecode.swift; path = Question.swift; sourceTree = "<group>"; };
		9290296829A3C98900A7C1E3 /* QuestionsTests.xctest */ = {isa = PBXFileReference; explicitFileType = wrapper.cfbundle; includeInIndex = 0; path = QuestionsTests.xctest; sourceTree = BUILT_PRODUCTS_DIR; };
		9290296A29A3C98900A7C1E3 /* QuestionsTests.swift */ = {isa = PBXFileReference; lastKnownFileType = sourcecode.swift; path = QuestionsTests.swift; sourceTree = "<group>"; };
		9290297129A3C9E700A7C1E3 /* FetchQuestionsRequest.swift */ = {isa = PBXFileReference; lastKnownFileType = sourcecode.swift; path = FetchQuestionsRequest.swift; sourceTree = "<group>"; };
		9290297329A3CAC900A7C1E3 /* QuestionsService.swift */ = {isa = PBXFileReference; lastKnownFileType = sourcecode.swift; path = QuestionsService.swift; sourceTree = "<group>"; };
/* End PBXFileReference section */

/* Begin PBXFrameworksBuildPhase section */
		9290292E29A3BBC300A7C1E3 /* Frameworks */ = {
			isa = PBXFrameworksBuildPhase;
			buildActionMask = 2147483647;
			files = (
			);
			runOnlyForDeploymentPostprocessing = 0;
		};
		9290296529A3C98900A7C1E3 /* Frameworks */ = {
			isa = PBXFrameworksBuildPhase;
			buildActionMask = 2147483647;
			files = (
			);
			runOnlyForDeploymentPostprocessing = 0;
		};
/* End PBXFrameworksBuildPhase section */

/* Begin PBXGroup section */
		9290292829A3BBC300A7C1E3 = {
			isa = PBXGroup;
			children = (
				9290293329A3BBC300A7C1E3 /* Questions */,
				9290296929A3C98900A7C1E3 /* QuestionsTests */,
				9290293229A3BBC300A7C1E3 /* Products */,
			);
			sourceTree = "<group>";
		};
		9290293229A3BBC300A7C1E3 /* Products */ = {
			isa = PBXGroup;
			children = (
				9290293129A3BBC300A7C1E3 /* Questions.app */,
				9290296829A3C98900A7C1E3 /* QuestionsTests.xctest */,
			);
			name = Products;
			sourceTree = "<group>";
		};
		9290293329A3BBC300A7C1E3 /* Questions */ = {
			isa = PBXGroup;
			children = (
				9290294229A3BBD200A7C1E3 /* Core */,
				9290293429A3BBC300A7C1E3 /* QuestionsApp.swift */,
				9290293629A3BBC300A7C1E3 /* ContentView.swift */,
				9290293829A3BBC400A7C1E3 /* Assets.xcassets */,
				9290293A29A3BBC400A7C1E3 /* Preview Content */,
			);
			path = Questions;
			sourceTree = "<group>";
		};
		9290293A29A3BBC400A7C1E3 /* Preview Content */ = {
			isa = PBXGroup;
			children = (
				9290293B29A3BBC400A7C1E3 /* Preview Assets.xcassets */,
			);
			path = "Preview Content";
			sourceTree = "<group>";
		};
		9290294229A3BBD200A7C1E3 /* Core */ = {
			isa = PBXGroup;
			children = (
				9290294529A3BC1F00A7C1E3 /* Data */,
				9290294C29A3C3F500A7C1E3 /* Domain */,
				9290294929A3C23C00A7C1E3 /* Services */,
			);
			path = Core;
			sourceTree = "<group>";
		};
		9290294429A3BBEF00A7C1E3 /* Models */ = {
			isa = PBXGroup;
			children = (
				9290296229A3C90700A7C1E3 /* Question.swift */,
			);
			path = Models;
			sourceTree = "<group>";
		};
		9290294529A3BC1F00A7C1E3 /* Data */ = {
			isa = PBXGroup;
			children = (
				9290294729A3BC4C00A7C1E3 /* API */,
			);
			path = Data;
			sourceTree = "<group>";
		};
		9290294729A3BC4C00A7C1E3 /* API */ = {
			isa = PBXGroup;
			children = (
				9290294A29A3C3C200A7C1E3 /* APIConstants.swift */,
				9290295A29A3C60000A7C1E3 /* Models */,
				9290295529A3C58400A7C1E3 /* Marshaling */,
				9290295229A3C4EB00A7C1E3 /* Network */,
				9290295129A3C4D400A7C1E3 /* Request */,
			);
			path = API;
			sourceTree = "<group>";
		};
		9290294929A3C23C00A7C1E3 /* Services */ = {
			isa = PBXGroup;
			children = (
				9290297329A3CAC900A7C1E3 /* QuestionsService.swift */,
			);
			path = Services;
			sourceTree = "<group>";
		};
		9290294C29A3C3F500A7C1E3 /* Domain */ = {
			isa = PBXGroup;
			children = (
				9290294429A3BBEF00A7C1E3 /* Models */,
			);
			path = Domain;
			sourceTree = "<group>";
		};
		9290295129A3C4D400A7C1E3 /* Request */ = {
			isa = PBXGroup;
			children = (
				9290294D29A3C43000A7C1E3 /* RequestProtocol.swift */,
				9290294F29A3C47600A7C1E3 /* RequestManager.swift */,
				9290296129A3C70400A7C1E3 /* GET */,
			);
			path = Request;
			sourceTree = "<group>";
		};
		9290295229A3C4EB00A7C1E3 /* Network */ = {
			isa = PBXGroup;
			children = (
				9290295329A3C4FC00A7C1E3 /* APIManager.swift */,
			);
			path = Network;
			sourceTree = "<group>";
		};
		9290295529A3C58400A7C1E3 /* Marshaling */ = {
			isa = PBXGroup;
			children = (
				9290295629A3C59F00A7C1E3 /* DataMarshaler.swift */,
				9290295829A3C5CD00A7C1E3 /* CodingError.swift */,
			);
			path = Marshaling;
			sourceTree = "<group>";
		};
		9290295A29A3C60000A7C1E3 /* Models */ = {
			isa = PBXGroup;
			children = (
				9290295B29A3C60E00A7C1E3 /* StandardResponse.swift */,
				9290295D29A3C62400A7C1E3 /* HTTPMethod.swift */,
				9290295F29A3C64E00A7C1E3 /* NetworkError.swift */,
			);
			path = Models;
			sourceTree = "<group>";
		};
		9290296129A3C70400A7C1E3 /* GET */ = {
			isa = PBXGroup;
			children = (
				9290297129A3C9E700A7C1E3 /* FetchQuestionsRequest.swift */,
			);
			path = GET;
			sourceTree = "<group>";
		};
		9290296929A3C98900A7C1E3 /* QuestionsTests */ = {
			isa = PBXGroup;
			children = (
				9290296A29A3C98900A7C1E3 /* QuestionsTests.swift */,
			);
			path = QuestionsTests;
			sourceTree = "<group>";
		};
/* End PBXGroup section */

/* Begin PBXNativeTarget section */
		9290293029A3BBC300A7C1E3 /* Questions */ = {
			isa = PBXNativeTarget;
			buildConfigurationList = 9290293F29A3BBC400A7C1E3 /* Build configuration list for PBXNativeTarget "Questions" */;
			buildPhases = (
				9290292D29A3BBC300A7C1E3 /* Sources */,
				9290292E29A3BBC300A7C1E3 /* Frameworks */,
				9290292F29A3BBC300A7C1E3 /* Resources */,
			);
			buildRules = (
			);
			dependencies = (
			);
			name = Questions;
			productName = Questions;
			productReference = 9290293129A3BBC300A7C1E3 /* Questions.app */;
			productType = "com.apple.product-type.application";
		};
		9290296729A3C98900A7C1E3 /* QuestionsTests */ = {
			isa = PBXNativeTarget;
			buildConfigurationList = 9290296E29A3C98900A7C1E3 /* Build configuration list for PBXNativeTarget "QuestionsTests" */;
			buildPhases = (
				9290296429A3C98900A7C1E3 /* Sources */,
				9290296529A3C98900A7C1E3 /* Frameworks */,
				9290296629A3C98900A7C1E3 /* Resources */,
			);
			buildRules = (
			);
			dependencies = (
				9290296D29A3C98900A7C1E3 /* PBXTargetDependency */,
			);
			name = QuestionsTests;
			productName = QuestionsTests;
			productReference = 9290296829A3C98900A7C1E3 /* QuestionsTests.xctest */;
			productType = "com.apple.product-type.bundle.unit-test";
		};
/* End PBXNativeTarget section */

/* Begin PBXProject section */
		9290292929A3BBC300A7C1E3 /* Project object */ = {
			isa = PBXProject;
			attributes = {
				BuildIndependentTargetsInParallel = 1;
				LastSwiftUpdateCheck = 1410;
				LastUpgradeCheck = 1410;
				TargetAttributes = {
					9290293029A3BBC300A7C1E3 = {
						CreatedOnToolsVersion = 14.1;
					};
					9290296729A3C98900A7C1E3 = {
						CreatedOnToolsVersion = 14.1;
						TestTargetID = 9290293029A3BBC300A7C1E3;
					};
				};
			};
			buildConfigurationList = 9290292C29A3BBC300A7C1E3 /* Build configuration list for PBXProject "Questions" */;
			compatibilityVersion = "Xcode 14.0";
			developmentRegion = en;
			hasScannedForEncodings = 0;
			knownRegions = (
				en,
				Base,
			);
			mainGroup = 9290292829A3BBC300A7C1E3;
			productRefGroup = 9290293229A3BBC300A7C1E3 /* Products */;
			projectDirPath = "";
			projectRoot = "";
			targets = (
				9290293029A3BBC300A7C1E3 /* Questions */,
				9290296729A3C98900A7C1E3 /* QuestionsTests */,
			);
		};
/* End PBXProject section */

/* Begin PBXResourcesBuildPhase section */
		9290292F29A3BBC300A7C1E3 /* Resources */ = {
			isa = PBXResourcesBuildPhase;
			buildActionMask = 2147483647;
			files = (
				9290293C29A3BBC400A7C1E3 /* Preview Assets.xcassets in Resources */,
				9290293929A3BBC400A7C1E3 /* Assets.xcassets in Resources */,
			);
			runOnlyForDeploymentPostprocessing = 0;
		};
		9290296629A3C98900A7C1E3 /* Resources */ = {
			isa = PBXResourcesBuildPhase;
			buildActionMask = 2147483647;
			files = (
			);
			runOnlyForDeploymentPostprocessing = 0;
		};
/* End PBXResourcesBuildPhase section */

/* Begin PBXSourcesBuildPhase section */
		9290292D29A3BBC300A7C1E3 /* Sources */ = {
			isa = PBXSourcesBuildPhase;
			buildActionMask = 2147483647;
			files = (
				9290297229A3C9E700A7C1E3 /* FetchQuestionsRequest.swift in Sources */,
				9290297429A3CAC900A7C1E3 /* QuestionsService.swift in Sources */,
				9290295429A3C4FC00A7C1E3 /* APIManager.swift in Sources */,
				9290296329A3C90700A7C1E3 /* Question.swift in Sources */,
				9290295C29A3C60E00A7C1E3 /* StandardResponse.swift in Sources */,
				9290295029A3C47600A7C1E3 /* RequestManager.swift in Sources */,
				9290295929A3C5CD00A7C1E3 /* CodingError.swift in Sources */,
				9290293729A3BBC300A7C1E3 /* ContentView.swift in Sources */,
				9290293529A3BBC300A7C1E3 /* QuestionsApp.swift in Sources */,
				9290295729A3C59F00A7C1E3 /* DataMarshaler.swift in Sources */,
				9290294B29A3C3C200A7C1E3 /* APIConstants.swift in Sources */,
				9290295E29A3C62400A7C1E3 /* HTTPMethod.swift in Sources */,
				9290296029A3C64E00A7C1E3 /* NetworkError.swift in Sources */,
				9290294E29A3C43000A7C1E3 /* RequestProtocol.swift in Sources */,
			);
			runOnlyForDeploymentPostprocessing = 0;
		};
		9290296429A3C98900A7C1E3 /* Sources */ = {
			isa = PBXSourcesBuildPhase;
			buildActionMask = 2147483647;
			files = (
				9290296B29A3C98900A7C1E3 /* QuestionsTests.swift in Sources */,
			);
			runOnlyForDeploymentPostprocessing = 0;
		};
/* End PBXSourcesBuildPhase section */

/* Begin PBXTargetDependency section */
		9290296D29A3C98900A7C1E3 /* PBXTargetDependency */ = {
			isa = PBXTargetDependency;
			target = 9290293029A3BBC300A7C1E3 /* Questions */;
			targetProxy = 9290296C29A3C98900A7C1E3 /* PBXContainerItemProxy */;
		};
/* End PBXTargetDependency section */

/* Begin XCBuildConfiguration section */
		9290293D29A3BBC400A7C1E3 /* Debug */ = {
			isa = XCBuildConfiguration;
			buildSettings = {
				ALWAYS_SEARCH_USER_PATHS = NO;
				CLANG_ANALYZER_NONNULL = YES;
				CLANG_ANALYZER_NUMBER_OBJECT_CONVERSION = YES_AGGRESSIVE;
				CLANG_CXX_LANGUAGE_STANDARD = "gnu++20";
				CLANG_ENABLE_MODULES = YES;
				CLANG_ENABLE_OBJC_ARC = YES;
				CLANG_ENABLE_OBJC_WEAK = YES;
				CLANG_WARN_BLOCK_CAPTURE_AUTORELEASING = YES;
				CLANG_WARN_BOOL_CONVERSION = YES;
				CLANG_WARN_COMMA = YES;
				CLANG_WARN_CONSTANT_CONVERSION = YES;
				CLANG_WARN_DEPRECATED_OBJC_IMPLEMENTATIONS = YES;
				CLANG_WARN_DIRECT_OBJC_ISA_USAGE = YES_ERROR;
				CLANG_WARN_DOCUMENTATION_COMMENTS = YES;
				CLANG_WARN_EMPTY_BODY = YES;
				CLANG_WARN_ENUM_CONVERSION = YES;
				CLANG_WARN_INFINITE_RECURSION = YES;
				CLANG_WARN_INT_CONVERSION = YES;
				CLANG_WARN_NON_LITERAL_NULL_CONVERSION = YES;
				CLANG_WARN_OBJC_IMPLICIT_RETAIN_SELF = YES;
				CLANG_WARN_OBJC_LITERAL_CONVERSION = YES;
				CLANG_WARN_OBJC_ROOT_CLASS = YES_ERROR;
				CLANG_WARN_QUOTED_INCLUDE_IN_FRAMEWORK_HEADER = YES;
				CLANG_WARN_RANGE_LOOP_ANALYSIS = YES;
				CLANG_WARN_STRICT_PROTOTYPES = YES;
				CLANG_WARN_SUSPICIOUS_MOVE = YES;
				CLANG_WARN_UNGUARDED_AVAILABILITY = YES_AGGRESSIVE;
				CLANG_WARN_UNREACHABLE_CODE = YES;
				CLANG_WARN__DUPLICATE_METHOD_MATCH = YES;
				COPY_PHASE_STRIP = NO;
				DEBUG_INFORMATION_FORMAT = dwarf;
				ENABLE_STRICT_OBJC_MSGSEND = YES;
				ENABLE_TESTABILITY = YES;
				GCC_C_LANGUAGE_STANDARD = gnu11;
				GCC_DYNAMIC_NO_PIC = NO;
				GCC_NO_COMMON_BLOCKS = YES;
				GCC_OPTIMIZATION_LEVEL = 0;
				GCC_PREPROCESSOR_DEFINITIONS = (
					"DEBUG=1",
					"$(inherited)",
				);
				GCC_WARN_64_TO_32_BIT_CONVERSION = YES;
				GCC_WARN_ABOUT_RETURN_TYPE = YES_ERROR;
				GCC_WARN_UNDECLARED_SELECTOR = YES;
				GCC_WARN_UNINITIALIZED_AUTOS = YES_AGGRESSIVE;
				GCC_WARN_UNUSED_FUNCTION = YES;
				GCC_WARN_UNUSED_VARIABLE = YES;
				IPHONEOS_DEPLOYMENT_TARGET = 16.1;
				MTL_ENABLE_DEBUG_INFO = INCLUDE_SOURCE;
				MTL_FAST_MATH = YES;
				ONLY_ACTIVE_ARCH = YES;
				SDKROOT = iphoneos;
				SWIFT_ACTIVE_COMPILATION_CONDITIONS = DEBUG;
				SWIFT_OPTIMIZATION_LEVEL = "-Onone";
			};
			name = Debug;
		};
		9290293E29A3BBC400A7C1E3 /* Release */ = {
			isa = XCBuildConfiguration;
			buildSettings = {
				ALWAYS_SEARCH_USER_PATHS = NO;
				CLANG_ANALYZER_NONNULL = YES;
				CLANG_ANALYZER_NUMBER_OBJECT_CONVERSION = YES_AGGRESSIVE;
				CLANG_CXX_LANGUAGE_STANDARD = "gnu++20";
				CLANG_ENABLE_MODULES = YES;
				CLANG_ENABLE_OBJC_ARC = YES;
				CLANG_ENABLE_OBJC_WEAK = YES;
				CLANG_WARN_BLOCK_CAPTURE_AUTORELEASING = YES;
				CLANG_WARN_BOOL_CONVERSION = YES;
				CLANG_WARN_COMMA = YES;
				CLANG_WARN_CONSTANT_CONVERSION = YES;
				CLANG_WARN_DEPRECATED_OBJC_IMPLEMENTATIONS = YES;
				CLANG_WARN_DIRECT_OBJC_ISA_USAGE = YES_ERROR;
				CLANG_WARN_DOCUMENTATION_COMMENTS = YES;
				CLANG_WARN_EMPTY_BODY = YES;
				CLANG_WARN_ENUM_CONVERSION = YES;
				CLANG_WARN_INFINITE_RECURSION = YES;
				CLANG_WARN_INT_CONVERSION = YES;
				CLANG_WARN_NON_LITERAL_NULL_CONVERSION = YES;
				CLANG_WARN_OBJC_IMPLICIT_RETAIN_SELF = YES;
				CLANG_WARN_OBJC_LITERAL_CONVERSION = YES;
				CLANG_WARN_OBJC_ROOT_CLASS = YES_ERROR;
				CLANG_WARN_QUOTED_INCLUDE_IN_FRAMEWORK_HEADER = YES;
				CLANG_WARN_RANGE_LOOP_ANALYSIS = YES;
				CLANG_WARN_STRICT_PROTOTYPES = YES;
				CLANG_WARN_SUSPICIOUS_MOVE = YES;
				CLANG_WARN_UNGUARDED_AVAILABILITY = YES_AGGRESSIVE;
				CLANG_WARN_UNREACHABLE_CODE = YES;
				CLANG_WARN__DUPLICATE_METHOD_MATCH = YES;
				COPY_PHASE_STRIP = NO;
				DEBUG_INFORMATION_FORMAT = "dwarf-with-dsym";
				ENABLE_NS_ASSERTIONS = NO;
				ENABLE_STRICT_OBJC_MSGSEND = YES;
				GCC_C_LANGUAGE_STANDARD = gnu11;
				GCC_NO_COMMON_BLOCKS = YES;
				GCC_WARN_64_TO_32_BIT_CONVERSION = YES;
				GCC_WARN_ABOUT_RETURN_TYPE = YES_ERROR;
				GCC_WARN_UNDECLARED_SELECTOR = YES;
				GCC_WARN_UNINITIALIZED_AUTOS = YES_AGGRESSIVE;
				GCC_WARN_UNUSED_FUNCTION = YES;
				GCC_WARN_UNUSED_VARIABLE = YES;
				IPHONEOS_DEPLOYMENT_TARGET = 16.1;
				MTL_ENABLE_DEBUG_INFO = NO;
				MTL_FAST_MATH = YES;
				SDKROOT = iphoneos;
				SWIFT_COMPILATION_MODE = wholemodule;
				SWIFT_OPTIMIZATION_LEVEL = "-O";
				VALIDATE_PRODUCT = YES;
			};
			name = Release;
		};
		9290294029A3BBC400A7C1E3 /* Debug */ = {
			isa = XCBuildConfiguration;
			buildSettings = {
				ASSETCATALOG_COMPILER_APPICON_NAME = AppIcon;
				ASSETCATALOG_COMPILER_GLOBAL_ACCENT_COLOR_NAME = AccentColor;
				CODE_SIGN_STYLE = Automatic;
				CURRENT_PROJECT_VERSION = 1;
				DEVELOPMENT_ASSET_PATHS = "\"Questions/Preview Content\"";
				ENABLE_PREVIEWS = YES;
				GENERATE_INFOPLIST_FILE = YES;
				INFOPLIST_KEY_UIApplicationSceneManifest_Generation = YES;
				INFOPLIST_KEY_UIApplicationSupportsIndirectInputEvents = YES;
				INFOPLIST_KEY_UILaunchScreen_Generation = YES;
				INFOPLIST_KEY_UISupportedInterfaceOrientations_iPad = "UIInterfaceOrientationPortrait UIInterfaceOrientationPortraitUpsideDown UIInterfaceOrientationLandscapeLeft UIInterfaceOrientationLandscapeRight";
				INFOPLIST_KEY_UISupportedInterfaceOrientations_iPhone = "UIInterfaceOrientationPortrait UIInterfaceOrientationLandscapeLeft UIInterfaceOrientationLandscapeRight";
				LD_RUNPATH_SEARCH_PATHS = (
					"$(inherited)",
					"@executable_path/Frameworks",
				);
				MARKETING_VERSION = 1.0;
				PRODUCT_BUNDLE_IDENTIFIER = org.underdogdevs.Questions;
				PRODUCT_NAME = "$(TARGET_NAME)";
				SWIFT_EMIT_LOC_STRINGS = YES;
				SWIFT_VERSION = 5.0;
				TARGETED_DEVICE_FAMILY = "1,2";
			};
			name = Debug;
		};
		9290294129A3BBC400A7C1E3 /* Release */ = {
			isa = XCBuildConfiguration;
			buildSettings = {
				ASSETCATALOG_COMPILER_APPICON_NAME = AppIcon;
				ASSETCATALOG_COMPILER_GLOBAL_ACCENT_COLOR_NAME = AccentColor;
				CODE_SIGN_STYLE = Automatic;
				CURRENT_PROJECT_VERSION = 1;
				DEVELOPMENT_ASSET_PATHS = "\"Questions/Preview Content\"";
				ENABLE_PREVIEWS = YES;
				GENERATE_INFOPLIST_FILE = YES;
				INFOPLIST_KEY_UIApplicationSceneManifest_Generation = YES;
				INFOPLIST_KEY_UIApplicationSupportsIndirectInputEvents = YES;
				INFOPLIST_KEY_UILaunchScreen_Generation = YES;
				INFOPLIST_KEY_UISupportedInterfaceOrientations_iPad = "UIInterfaceOrientationPortrait UIInterfaceOrientationPortraitUpsideDown UIInterfaceOrientationLandscapeLeft UIInterfaceOrientationLandscapeRight";
				INFOPLIST_KEY_UISupportedInterfaceOrientations_iPhone = "UIInterfaceOrientationPortrait UIInterfaceOrientationLandscapeLeft UIInterfaceOrientationLandscapeRight";
				LD_RUNPATH_SEARCH_PATHS = (
					"$(inherited)",
					"@executable_path/Frameworks",
				);
				MARKETING_VERSION = 1.0;
				PRODUCT_BUNDLE_IDENTIFIER = org.underdogdevs.Questions;
				PRODUCT_NAME = "$(TARGET_NAME)";
				SWIFT_EMIT_LOC_STRINGS = YES;
				SWIFT_VERSION = 5.0;
				TARGETED_DEVICE_FAMILY = "1,2";
			};
			name = Release;
		};
		9290296F29A3C98900A7C1E3 /* Debug */ = {
			isa = XCBuildConfiguration;
			buildSettings = {
				BUNDLE_LOADER = "$(TEST_HOST)";
				CODE_SIGN_STYLE = Automatic;
				CURRENT_PROJECT_VERSION = 1;
				GENERATE_INFOPLIST_FILE = YES;
				MARKETING_VERSION = 1.0;
				PRODUCT_BUNDLE_IDENTIFIER = org.underdogdevs.QuestionsTests;
				PRODUCT_NAME = "$(TARGET_NAME)";
				SWIFT_EMIT_LOC_STRINGS = NO;
				SWIFT_VERSION = 5.0;
				TARGETED_DEVICE_FAMILY = "1,2";
				TEST_HOST = "$(BUILT_PRODUCTS_DIR)/Questions.app/$(BUNDLE_EXECUTABLE_FOLDER_PATH)/Questions";
			};
			name = Debug;
		};
		9290297029A3C98900A7C1E3 /* Release */ = {
			isa = XCBuildConfiguration;
			buildSettings = {
				BUNDLE_LOADER = "$(TEST_HOST)";
				CODE_SIGN_STYLE = Automatic;
				CURRENT_PROJECT_VERSION = 1;
				GENERATE_INFOPLIST_FILE = YES;
				MARKETING_VERSION = 1.0;
				PRODUCT_BUNDLE_IDENTIFIER = org.underdogdevs.QuestionsTests;
				PRODUCT_NAME = "$(TARGET_NAME)";
				SWIFT_EMIT_LOC_STRINGS = NO;
				SWIFT_VERSION = 5.0;
				TARGETED_DEVICE_FAMILY = "1,2";
				TEST_HOST = "$(BUILT_PRODUCTS_DIR)/Questions.app/$(BUNDLE_EXECUTABLE_FOLDER_PATH)/Questions";
			};
			name = Release;
		};
/* End XCBuildConfiguration section */

/* Begin XCConfigurationList section */
		9290292C29A3BBC300A7C1E3 /* Build configuration list for PBXProject "Questions" */ = {
			isa = XCConfigurationList;
			buildConfigurations = (
				9290293D29A3BBC400A7C1E3 /* Debug */,
				9290293E29A3BBC400A7C1E3 /* Release */,
			);
			defaultConfigurationIsVisible = 0;
			defaultConfigurationName = Release;
		};
		9290293F29A3BBC400A7C1E3 /* Build configuration list for PBXNativeTarget "Questions" */ = {
			isa = XCConfigurationList;
			buildConfigurations = (
				9290294029A3BBC400A7C1E3 /* Debug */,
				9290294129A3BBC400A7C1E3 /* Release */,
			);
			defaultConfigurationIsVisible = 0;
			defaultConfigurationName = Release;
		};
		9290296E29A3C98900A7C1E3 /* Build configuration list for PBXNativeTarget "QuestionsTests" */ = {
			isa = XCConfigurationList;
			buildConfigurations = (
				9290296F29A3C98900A7C1E3 /* Debug */,
				9290297029A3C98900A7C1E3 /* Release */,
			);
			defaultConfigurationIsVisible = 0;
			defaultConfigurationName = Release;
		};
/* End XCConfigurationList section */
	};
	rootObject = 9290292929A3BBC300A7C1E3 /* Project object */;
}
